Microsoft Visual Studio Solution File, Format Version 11.00
# Visual Studio 2008

Project("{0A4ABE40-48B2-2262-47F2-29ACC9A589BA}") = "Desi Y Ofelia", "Assembly-CSharp-firstpass.csproj", "{A3240636-BAE3-0EEE-12D6-5C2AD8953746}"
EndProject
Project("{0A4ABE40-48B2-2262-47F2-29ACC9A589BA}") = "Desi Y Ofelia", "Assembly-CSharp.csproj", "{FE03693C-AC41-628C-3918-4946D8485C2A}"
EndProject
Project("{0A4ABE40-48B2-2262-47F2-29ACC9A589BA}") = "Desi Y Ofelia", "Assembly-CSharp-Editor.csproj", "{0CABD153-6957-DDC6-8606-596EE9E7C222}"
EndProject
Project("{0A4ABE40-48B2-2262-47F2-29ACC9A589BA}") = "Desi Y Ofelia", "Assembly-UnityScript.unityproj", "{70A3E2C0-8F62-4700-700E-1E5FBC97BFDF}"
EndProject
Global
	GlobalSection(SolutionConfigurationPlatforms) = preSolution
		Debug|Any CPU = Debug|Any CPU
		Release|Any CPU = Release|Any CPU
	EndGlobalSection
	GlobalSection(ProjectConfigurationPlatforms) = postSolution
		{A3240636-BAE3-0EEE-12D6-5C2AD8953746}.Debug|Any CPU.ActiveCfg = Debug|Any CPU
		{A3240636-BAE3-0EEE-12D6-5C2AD8953746}.Debug|Any CPU.Build.0 = Debug|Any CPU
		{A3240636-BAE3-0EEE-12D6-5C2AD8953746}.Release|Any CPU.ActiveCfg = Release|Any CPU
		{A3240636-BAE3-0EEE-12D6-5C2AD8953746}.Release|Any CPU.Build.0 = Release|Any CPU
		{FE03693C-AC41-628C-3918-4946D8485C2A}.Debug|Any CPU.ActiveCfg = Debug|Any CPU
		{FE03693C-AC41-628C-3918-4946D8485C2A}.Debug|Any CPU.Build.0 = Debug|Any CPU
		{FE03693C-AC41-628C-3918-4946D8485C2A}.Release|Any CPU.ActiveCfg = Release|Any CPU
		{FE03693C-AC41-628C-3918-4946D8485C2A}.Release|Any CPU.Build.0 = Release|Any CPU
		{0CABD153-6957-DDC6-8606-596EE9E7C222}.Debug|Any CPU.ActiveCfg = Debug|Any CPU
		{0CABD153-6957-DDC6-8606-596EE9E7C222}.Debug|Any CPU.Build.0 = Debug|Any CPU
		{0CABD153-6957-DDC6-8606-596EE9E7C222}.Release|Any CPU.ActiveCfg = Release|Any CPU
		{0CABD153-6957-DDC6-8606-596EE9E7C222}.Release|Any CPU.Build.0 = Release|Any CPU
		{70A3E2C0-8F62-4700-700E-1E5FBC97BFDF}.Debug|Any CPU.ActiveCfg = Debug|Any CPU
		{70A3E2C0-8F62-4700-700E-1E5FBC97BFDF}.Debug|Any CPU.Build.0 = Debug|Any CPU
		{70A3E2C0-8F62-4700-700E-1E5FBC97BFDF}.Release|Any CPU.ActiveCfg = Release|Any CPU
		{70A3E2C0-8F62-4700-700E-1E5FBC97BFDF}.Release|Any CPU.Build.0 = Release|Any CPU
	EndGlobalSection
	GlobalSection(SolutionProperties) = preSolution
		HideSolutionNode = FALSE
	EndGlobalSection
	GlobalSection(MonoDevelopProperties) = preSolution
		StartupItem = Assembly-CSharp.csproj
	EndGlobalSection
EndGlobal
