
Microsoft Visual Studio Solution File, Format Version 12.00
# Visual Studio 2015
Project("{FAE04EC0-301F-11D3-BF4B-00C04F79EFBC}") = "Desi Y Ofelia.CSharp.Plugins", "Desi Y Ofelia.CSharp.Plugins.csproj", "{87DCE5CC-DE3D-6660-7368-D98300ED379A}"
EndProject
Project("{FAE04EC0-301F-11D3-BF4B-00C04F79EFBC}") = "Desi Y Ofelia.CSharp", "Desi Y Ofelia.CSharp.csproj", "{42965AEA-073B-D67B-751A-6A830FEB1537}"
EndProject
Project("{FAE04EC0-301F-11D3-BF4B-00C04F79EFBC}") = "Desi Y Ofelia.CSharp.Editor", "Desi Y Ofelia.CSharp.Editor.csproj", "{1C96D925-B7CB-47BC-E884-0EFDF4152F95}"
EndProject
Global
	GlobalSection(SolutionConfigurationPlatforms) = preSolution
		Debug|Any CPU = Debug|Any CPU
		Release|Any CPU = Release|Any CPU
	EndGlobalSection
	GlobalSection(ProjectConfigurationPlatforms) = postSolution
		{87DCE5CC-DE3D-6660-7368-D98300ED379A}.Debug|Any CPU.ActiveCfg = Debug|Any CPU
		{87DCE5CC-DE3D-6660-7368-D98300ED379A}.Debug|Any CPU.Build.0 = Debug|Any CPU
		{87DCE5CC-DE3D-6660-7368-D98300ED379A}.Release|Any CPU.ActiveCfg = Release|Any CPU
		{87DCE5CC-DE3D-6660-7368-D98300ED379A}.Release|Any CPU.Build.0 = Release|Any CPU
		{42965AEA-073B-D67B-751A-6A830FEB1537}.Debug|Any CPU.ActiveCfg = Debug|Any CPU
		{42965AEA-073B-D67B-751A-6A830FEB1537}.Debug|Any CPU.Build.0 = Debug|Any CPU
		{42965AEA-073B-D67B-751A-6A830FEB1537}.Release|Any CPU.ActiveCfg = Release|Any CPU
		{42965AEA-073B-D67B-751A-6A830FEB1537}.Release|Any CPU.Build.0 = Release|Any CPU
		{1C96D925-B7CB-47BC-E884-0EFDF4152F95}.Debug|Any CPU.ActiveCfg = Debug|Any CPU
		{1C96D925-B7CB-47BC-E884-0EFDF4152F95}.Debug|Any CPU.Build.0 = Debug|Any CPU
		{1C96D925-B7CB-47BC-E884-0EFDF4152F95}.Release|Any CPU.ActiveCfg = Release|Any CPU
		{1C96D925-B7CB-47BC-E884-0EFDF4152F95}.Release|Any CPU.Build.0 = Release|Any CPU
	EndGlobalSection
	GlobalSection(SolutionProperties) = preSolution
		HideSolutionNode = FALSE
	EndGlobalSection
EndGlobal
